# This file is automatically @generated by Cargo.
# It is not intended for manual editing.
version = 3

[[package]]
name = "mahiwa_example"
version = "0.1.0"
dependencies = [
 "mahiwa_frontend_rust",
]

[[package]]
name = "mahiwa_frontend_rust"
version = "0.1.1"
source = "registry+https://github.com/rust-lang/crates.io-index"
checksum = "7343230b5b536eca322729175c71668727cc4cb0a1e0fd1f478b15b4a92bbcaa"
